// !$*UTF8*$!
{
	archiveVersion = 1;
	classes = {
	};
	objectVersion = 55;
	objects = {

/* Begin PBXBuildFile section */
		335B516E28C37EF300599EA0 /* UserRowView.swift in Sources */ = {isa = PBXBuildFile; fileRef = 335B516D28C37EF300599EA0 /* UserRowView.swift */; };
		335B517328C3859D00599EA0 /* SideMenuView.swift in Sources */ = {isa = PBXBuildFile; fileRef = 335B517228C3859D00599EA0 /* SideMenuView.swift */; };
		335B517528C388AF00599EA0 /* SideMenuRowView.swift in Sources */ = {isa = PBXBuildFile; fileRef = 335B517428C388AF00599EA0 /* SideMenuRowView.swift */; };
		335B517728C388CF00599EA0 /* SideMenuViewModel.swift in Sources */ = {isa = PBXBuildFile; fileRef = 335B517628C388CF00599EA0 /* SideMenuViewModel.swift */; };
		335B517928C391D500599EA0 /* UserStatsView.swift in Sources */ = {isa = PBXBuildFile; fileRef = 335B517828C391D500599EA0 /* UserStatsView.swift */; };
		33AFEF4228C2C9DC00DC6E71 /* TwitterCloneFirebaseApp.swift in Sources */ = {isa = PBXBuildFile; fileRef = 33AFEF4128C2C9DC00DC6E71 /* TwitterCloneFirebaseApp.swift */; };
		33AFEF4428C2C9DC00DC6E71 /* ContentView.swift in Sources */ = {isa = PBXBuildFile; fileRef = 33AFEF4328C2C9DC00DC6E71 /* ContentView.swift */; };
		33AFEF4628C2C9DE00DC6E71 /* Assets.xcassets in Resources */ = {isa = PBXBuildFile; fileRef = 33AFEF4528C2C9DE00DC6E71 /* Assets.xcassets */; };
		33AFEF4928C2C9DE00DC6E71 /* Preview Assets.xcassets in Resources */ = {isa = PBXBuildFile; fileRef = 33AFEF4828C2C9DE00DC6E71 /* Preview Assets.xcassets */; };
		33AFEF5928C2CC3500DC6E71 /* FeedView.swift in Sources */ = {isa = PBXBuildFile; fileRef = 33AFEF5828C2CC3500DC6E71 /* FeedView.swift */; };
		33AFEF5C28C2CD9400DC6E71 /* TweetsRowView.swift in Sources */ = {isa = PBXBuildFile; fileRef = 33AFEF5B28C2CD9400DC6E71 /* TweetsRowView.swift */; };
		33AFEF5F28C2D66900DC6E71 /* MainTabView.swift in Sources */ = {isa = PBXBuildFile; fileRef = 33AFEF5E28C2D66900DC6E71 /* MainTabView.swift */; };
		33AFEF6628C2E09400DC6E71 /* ExploreView.swift in Sources */ = {isa = PBXBuildFile; fileRef = 33AFEF6528C2E09400DC6E71 /* ExploreView.swift */; };
		33AFEF6828C2E0A500DC6E71 /* NotificationsView.swift in Sources */ = {isa = PBXBuildFile; fileRef = 33AFEF6728C2E0A500DC6E71 /* NotificationsView.swift */; };
		33AFEF6B28C2E0BD00DC6E71 /* MessagesView.swift in Sources */ = {isa = PBXBuildFile; fileRef = 33AFEF6A28C2E0BD00DC6E71 /* MessagesView.swift */; };
		33AFEF7128C2E39B00DC6E71 /* ProfileView.swift in Sources */ = {isa = PBXBuildFile; fileRef = 33AFEF7028C2E39B00DC6E71 /* ProfileView.swift */; };
		33AFEF7528C2F54300DC6E71 /* TweetFilterViewModel.swift in Sources */ = {isa = PBXBuildFile; fileRef = 33AFEF7428C2F54300DC6E71 /* TweetFilterViewModel.swift */; };
/* End PBXBuildFile section */

/* Begin PBXFileReference section */
		335B516D28C37EF300599EA0 /* UserRowView.swift */ = {isa = PBXFileReference; lastKnownFileType = sourcecode.swift; path = UserRowView.swift; sourceTree = "<group>"; };
		335B517228C3859D00599EA0 /* SideMenuView.swift */ = {isa = PBXFileReference; lastKnownFileType = sourcecode.swift; path = SideMenuView.swift; sourceTree = "<group>"; };
		335B517428C388AF00599EA0 /* SideMenuRowView.swift */ = {isa = PBXFileReference; lastKnownFileType = sourcecode.swift; path = SideMenuRowView.swift; sourceTree = "<group>"; };
		335B517628C388CF00599EA0 /* SideMenuViewModel.swift */ = {isa = PBXFileReference; lastKnownFileType = sourcecode.swift; path = SideMenuViewModel.swift; sourceTree = "<group>"; };
		335B517828C391D500599EA0 /* UserStatsView.swift */ = {isa = PBXFileReference; lastKnownFileType = sourcecode.swift; path = UserStatsView.swift; sourceTree = "<group>"; };
		33AFEF3E28C2C9DC00DC6E71 /* TwitterCloneFirebase.app */ = {isa = PBXFileReference; explicitFileType = wrapper.application; includeInIndex = 0; path = TwitterCloneFirebase.app; sourceTree = BUILT_PRODUCTS_DIR; };
		33AFEF4128C2C9DC00DC6E71 /* TwitterCloneFirebaseApp.swift */ = {isa = PBXFileReference; lastKnownFileType = sourcecode.swift; path = TwitterCloneFirebaseApp.swift; sourceTree = "<group>"; };
		33AFEF4328C2C9DC00DC6E71 /* ContentView.swift */ = {isa = PBXFileReference; lastKnownFileType = sourcecode.swift; path = ContentView.swift; sourceTree = "<group>"; };
		33AFEF4528C2C9DE00DC6E71 /* Assets.xcassets */ = {isa = PBXFileReference; lastKnownFileType = folder.assetcatalog; path = Assets.xcassets; sourceTree = "<group>"; };
		33AFEF4828C2C9DE00DC6E71 /* Preview Assets.xcassets */ = {isa = PBXFileReference; lastKnownFileType = folder.assetcatalog; path = "Preview Assets.xcassets"; sourceTree = "<group>"; };
		33AFEF5828C2CC3500DC6E71 /* FeedView.swift */ = {isa = PBXFileReference; lastKnownFileType = sourcecode.swift; path = FeedView.swift; sourceTree = "<group>"; };
		33AFEF5B28C2CD9400DC6E71 /* TweetsRowView.swift */ = {isa = PBXFileReference; lastKnownFileType = sourcecode.swift; path = TweetsRowView.swift; sourceTree = "<group>"; };
		33AFEF5E28C2D66900DC6E71 /* MainTabView.swift */ = {isa = PBXFileReference; lastKnownFileType = sourcecode.swift; path = MainTabView.swift; sourceTree = "<group>"; };
		33AFEF6528C2E09400DC6E71 /* ExploreView.swift */ = {isa = PBXFileReference; lastKnownFileType = sourcecode.swift; path = ExploreView.swift; sourceTree = "<group>"; };
		33AFEF6728C2E0A500DC6E71 /* NotificationsView.swift */ = {isa = PBXFileReference; lastKnownFileType = sourcecode.swift; path = NotificationsView.swift; sourceTree = "<group>"; };
		33AFEF6A28C2E0BD00DC6E71 /* MessagesView.swift */ = {isa = PBXFileReference; lastKnownFileType = sourcecode.swift; path = MessagesView.swift; sourceTree = "<group>"; };
		33AFEF7028C2E39B00DC6E71 /* ProfileView.swift */ = {isa = PBXFileReference; lastKnownFileType = sourcecode.swift; path = ProfileView.swift; sourceTree = "<group>"; };
		33AFEF7428C2F54300DC6E71 /* TweetFilterViewModel.swift */ = {isa = PBXFileReference; lastKnownFileType = sourcecode.swift; path = TweetFilterViewModel.swift; sourceTree = "<group>"; };
/* End PBXFileReference section */

/* Begin PBXFrameworksBuildPhase section */
		33AFEF3B28C2C9DC00DC6E71 /* Frameworks */ = {
			isa = PBXFrameworksBuildPhase;
			buildActionMask = 2147483647;
			files = (
			);
			runOnlyForDeploymentPostprocessing = 0;
		};
/* End PBXFrameworksBuildPhase section */

/* Begin PBXGroup section */
		335B516A28C37EBD00599EA0 /* Views */ = {
			isa = PBXGroup;
			children = (
				33AFEF6528C2E09400DC6E71 /* ExploreView.swift */,
			);
			path = Views;
			sourceTree = "<group>";
		};
		335B516B28C37EBF00599EA0 /* ViewModels */ = {
			isa = PBXGroup;
			children = (
			);
			path = ViewModels;
			sourceTree = "<group>";
		};
		335B516C28C37EDF00599EA0 /* Users */ = {
			isa = PBXGroup;
			children = (
				335B516D28C37EF300599EA0 /* UserRowView.swift */,
				335B517828C391D500599EA0 /* UserStatsView.swift */,
			);
			path = Users;
			sourceTree = "<group>";
		};
		335B516F28C3857F00599EA0 /* SideMenu */ = {
			isa = PBXGroup;
			children = (
				335B517028C3858B00599EA0 /* ViewModel */,
				335B517128C3859000599EA0 /* Views */,
			);
			path = SideMenu;
			sourceTree = "<group>";
		};
		335B517028C3858B00599EA0 /* ViewModel */ = {
			isa = PBXGroup;
			children = (
				335B517628C388CF00599EA0 /* SideMenuViewModel.swift */,
			);
			path = ViewModel;
			sourceTree = "<group>";
		};
		335B517128C3859000599EA0 /* Views */ = {
			isa = PBXGroup;
			children = (
				335B517228C3859D00599EA0 /* SideMenuView.swift */,
				335B517428C388AF00599EA0 /* SideMenuRowView.swift */,
			);
			path = Views;
			sourceTree = "<group>";
		};
		33AFEF3528C2C9DC00DC6E71 = {
			isa = PBXGroup;
			children = (
				33AFEF4028C2C9DC00DC6E71 /* TwitterCloneFirebase */,
				33AFEF3F28C2C9DC00DC6E71 /* Products */,
			);
			sourceTree = "<group>";
		};
		33AFEF3F28C2C9DC00DC6E71 /* Products */ = {
			isa = PBXGroup;
			children = (
				33AFEF3E28C2C9DC00DC6E71 /* TwitterCloneFirebase.app */,
			);
			name = Products;
			sourceTree = "<group>";
		};
		33AFEF4028C2C9DC00DC6E71 /* TwitterCloneFirebase */ = {
			isa = PBXGroup;
			children = (
				33AFEF5328C2CA6F00DC6E71 /* Extensions */,
				33AFEF5228C2CA6D00DC6E71 /* Model */,
				33AFEF5128C2CA6700DC6E71 /* Service */,
				33AFEF4F28C2CA4900DC6E71 /* Core */,
				33AFEF4128C2C9DC00DC6E71 /* TwitterCloneFirebaseApp.swift */,
				33AFEF4328C2C9DC00DC6E71 /* ContentView.swift */,
				33AFEF4528C2C9DE00DC6E71 /* Assets.xcassets */,
				33AFEF4728C2C9DE00DC6E71 /* Preview Content */,
			);
			path = TwitterCloneFirebase;
			sourceTree = "<group>";
		};
		33AFEF4728C2C9DE00DC6E71 /* Preview Content */ = {
			isa = PBXGroup;
			children = (
				33AFEF4828C2C9DE00DC6E71 /* Preview Assets.xcassets */,
			);
			path = "Preview Content";
			sourceTree = "<group>";
		};
		33AFEF4F28C2CA4900DC6E71 /* Core */ = {
			isa = PBXGroup;
			children = (
				33AFEF5428C2CB0500DC6E71 /* Components */,
				33AFEF6428C2E07B00DC6E71 /* Messages */,
				33AFEF6328C2E05F00DC6E71 /* Profile */,
				33AFEF6228C2E05B00DC6E71 /* Explore */,
				33AFEF6028C2E04F00DC6E71 /* Notifications */,
				33AFEF5D28C2D65900DC6E71 /* MainTab */,
				33AFEF5528C2CB1300DC6E71 /* Feed */,
			);
			path = Core;
			sourceTree = "<group>";
		};
		33AFEF5128C2CA6700DC6E71 /* Service */ = {
			isa = PBXGroup;
			children = (
			);
			path = Service;
			sourceTree = "<group>";
		};
		33AFEF5228C2CA6D00DC6E71 /* Model */ = {
			isa = PBXGroup;
			children = (
			);
			path = Model;
			sourceTree = "<group>";
		};
		33AFEF5328C2CA6F00DC6E71 /* Extensions */ = {
			isa = PBXGroup;
			children = (
			);
			path = Extensions;
			sourceTree = "<group>";
		};
		33AFEF5428C2CB0500DC6E71 /* Components */ = {
			isa = PBXGroup;
			children = (
				335B516F28C3857F00599EA0 /* SideMenu */,
				335B516C28C37EDF00599EA0 /* Users */,
				33AFEF5A28C2CD5200DC6E71 /* Tweets */,
			);
			path = Components;
			sourceTree = "<group>";
		};
		33AFEF5528C2CB1300DC6E71 /* Feed */ = {
			isa = PBXGroup;
			children = (
				33AFEF5628C2CB7300DC6E71 /* ViewModels */,
				33AFEF5728C2CB7B00DC6E71 /* View */,
			);
			path = Feed;
			sourceTree = "<group>";
		};
		33AFEF5628C2CB7300DC6E71 /* ViewModels */ = {
			isa = PBXGroup;
			children = (
			);
			path = ViewModels;
			sourceTree = "<group>";
		};
		33AFEF5728C2CB7B00DC6E71 /* View */ = {
			isa = PBXGroup;
			children = (
				33AFEF5828C2CC3500DC6E71 /* FeedView.swift */,
			);
			path = View;
			sourceTree = "<group>";
		};
		33AFEF5A28C2CD5200DC6E71 /* Tweets */ = {
			isa = PBXGroup;
			children = (
				33AFEF5B28C2CD9400DC6E71 /* TweetsRowView.swift */,
			);
			path = Tweets;
			sourceTree = "<group>";
		};
		33AFEF5D28C2D65900DC6E71 /* MainTab */ = {
			isa = PBXGroup;
			children = (
				33AFEF5E28C2D66900DC6E71 /* MainTabView.swift */,
			);
			path = MainTab;
			sourceTree = "<group>";
		};
		33AFEF6028C2E04F00DC6E71 /* Notifications */ = {
			isa = PBXGroup;
			children = (
				33AFEF6728C2E0A500DC6E71 /* NotificationsView.swift */,
			);
			path = Notifications;
			sourceTree = "<group>";
		};
		33AFEF6228C2E05B00DC6E71 /* Explore */ = {
			isa = PBXGroup;
			children = (
				335B516B28C37EBF00599EA0 /* ViewModels */,
				335B516A28C37EBD00599EA0 /* Views */,
			);
			path = Explore;
			sourceTree = "<group>";
		};
		33AFEF6328C2E05F00DC6E71 /* Profile */ = {
			isa = PBXGroup;
			children = (
				33AFEF6E28C2E38100DC6E71 /* ViewModels */,
				33AFEF6F28C2E38A00DC6E71 /* Views */,
			);
			path = Profile;
			sourceTree = "<group>";
		};
		33AFEF6428C2E07B00DC6E71 /* Messages */ = {
			isa = PBXGroup;
			children = (
				33AFEF6A28C2E0BD00DC6E71 /* MessagesView.swift */,
			);
			path = Messages;
			sourceTree = "<group>";
		};
		33AFEF6E28C2E38100DC6E71 /* ViewModels */ = {
			isa = PBXGroup;
			children = (
				33AFEF7428C2F54300DC6E71 /* TweetFilterViewModel.swift */,
			);
			path = ViewModels;
			sourceTree = "<group>";
		};
		33AFEF6F28C2E38A00DC6E71 /* Views */ = {
			isa = PBXGroup;
			children = (
				33AFEF7028C2E39B00DC6E71 /* ProfileView.swift */,
			);
			path = Views;
			sourceTree = "<group>";
		};
/* End PBXGroup section */

/* Begin PBXNativeTarget section */
		33AFEF3D28C2C9DC00DC6E71 /* TwitterCloneFirebase */ = {
			isa = PBXNativeTarget;
			buildConfigurationList = 33AFEF4C28C2C9DE00DC6E71 /* Build configuration list for PBXNativeTarget "TwitterCloneFirebase" */;
			buildPhases = (
				33AFEF3A28C2C9DC00DC6E71 /* Sources */,
				33AFEF3B28C2C9DC00DC6E71 /* Frameworks */,
				33AFEF3C28C2C9DC00DC6E71 /* Resources */,
			);
			buildRules = (
			);
			dependencies = (
			);
			name = TwitterCloneFirebase;
			productName = TwitterCloneFirebase;
			productReference = 33AFEF3E28C2C9DC00DC6E71 /* TwitterCloneFirebase.app */;
			productType = "com.apple.product-type.application";
		};
/* End PBXNativeTarget section */

/* Begin PBXProject section */
		33AFEF3628C2C9DC00DC6E71 /* Project object */ = {
			isa = PBXProject;
			attributes = {
				BuildIndependentTargetsInParallel = 1;
				LastSwiftUpdateCheck = 1340;
				LastUpgradeCheck = 1340;
				TargetAttributes = {
					33AFEF3D28C2C9DC00DC6E71 = {
						CreatedOnToolsVersion = 13.4.1;
					};
				};
			};
			buildConfigurationList = 33AFEF3928C2C9DC00DC6E71 /* Build configuration list for PBXProject "TwitterCloneFirebase" */;
			compatibilityVersion = "Xcode 13.0";
			developmentRegion = en;
			hasScannedForEncodings = 0;
			knownRegions = (
				en,
				Base,
			);
			mainGroup = 33AFEF3528C2C9DC00DC6E71;
			productRefGroup = 33AFEF3F28C2C9DC00DC6E71 /* Products */;
			projectDirPath = "";
			projectRoot = "";
			targets = (
				33AFEF3D28C2C9DC00DC6E71 /* TwitterCloneFirebase */,
			);
		};
/* End PBXProject section */

/* Begin PBXResourcesBuildPhase section */
		33AFEF3C28C2C9DC00DC6E71 /* Resources */ = {
			isa = PBXResourcesBuildPhase;
			buildActionMask = 2147483647;
			files = (
				33AFEF4928C2C9DE00DC6E71 /* Preview Assets.xcassets in Resources */,
				33AFEF4628C2C9DE00DC6E71 /* Assets.xcassets in Resources */,
			);
			runOnlyForDeploymentPostprocessing = 0;
		};
/* End PBXResourcesBuildPhase section */

/* Begin PBXSourcesBuildPhase section */
		33AFEF3A28C2C9DC00DC6E71 /* Sources */ = {
			isa = PBXSourcesBuildPhase;
			buildActionMask = 2147483647;
			files = (
				33AFEF6B28C2E0BD00DC6E71 /* MessagesView.swift in Sources */,
				33AFEF7128C2E39B00DC6E71 /* ProfileView.swift in Sources */,
				33AFEF4428C2C9DC00DC6E71 /* ContentView.swift in Sources */,
				335B517528C388AF00599EA0 /* SideMenuRowView.swift in Sources */,
				33AFEF5C28C2CD9400DC6E71 /* TweetsRowView.swift in Sources */,
				33AFEF7528C2F54300DC6E71 /* TweetFilterViewModel.swift in Sources */,
				33AFEF5928C2CC3500DC6E71 /* FeedView.swift in Sources */,
				335B517328C3859D00599EA0 /* SideMenuView.swift in Sources */,
				33AFEF4228C2C9DC00DC6E71 /* TwitterCloneFirebaseApp.swift in Sources */,
				33AFEF6628C2E09400DC6E71 /* ExploreView.swift in Sources */,
				335B517728C388CF00599EA0 /* SideMenuViewModel.swift in Sources */,
				335B516E28C37EF300599EA0 /* UserRowView.swift in Sources */,
				33AFEF5F28C2D66900DC6E71 /* MainTabView.swift in Sources */,
				33AFEF6828C2E0A500DC6E71 /* NotificationsView.swift in Sources */,
				335B517928C391D500599EA0 /* UserStatsView.swift in Sources */,
			);
			runOnlyForDeploymentPostprocessing = 0;
		};
/* End PBXSourcesBuildPhase section */

/* Begin XCBuildConfiguration section */
		33AFEF4A28C2C9DE00DC6E71 /* Debug */ = {
			isa = XCBuildConfiguration;
			buildSettings = {
				ALWAYS_SEARCH_USER_PATHS = NO;
				CLANG_ANALYZER_NONNULL = YES;
				CLANG_ANALYZER_NUMBER_OBJECT_CONVERSION = YES_AGGRESSIVE;
				CLANG_CXX_LANGUAGE_STANDARD = "gnu++17";
				CLANG_ENABLE_MODULES = YES;
				CLANG_ENABLE_OBJC_ARC = YES;
				CLANG_ENABLE_OBJC_WEAK = YES;
				CLANG_WARN_BLOCK_CAPTURE_AUTORELEASING = YES;
				CLANG_WARN_BOOL_CONVERSION = YES;
				CLANG_WARN_COMMA = YES;
				CLANG_WARN_CONSTANT_CONVERSION = YES;
				CLANG_WARN_DEPRECATED_OBJC_IMPLEMENTATIONS = YES;
				CLANG_WARN_DIRECT_OBJC_ISA_USAGE = YES_ERROR;
				CLANG_WARN_DOCUMENTATION_COMMENTS = YES;
				CLANG_WARN_EMPTY_BODY = YES;
				CLANG_WARN_ENUM_CONVERSION = YES;
				CLANG_WARN_INFINITE_RECURSION = YES;
				CLANG_WARN_INT_CONVERSION = YES;
				CLANG_WARN_NON_LITERAL_NULL_CONVERSION = YES;
				CLANG_WARN_OBJC_IMPLICIT_RETAIN_SELF = YES;
				CLANG_WARN_OBJC_LITERAL_CONVERSION = YES;
				CLANG_WARN_OBJC_ROOT_CLASS = YES_ERROR;
				CLANG_WARN_QUOTED_INCLUDE_IN_FRAMEWORK_HEADER = YES;
				CLANG_WARN_RANGE_LOOP_ANALYSIS = YES;
				CLANG_WARN_STRICT_PROTOTYPES = YES;
				CLANG_WARN_SUSPICIOUS_MOVE = YES;
				CLANG_WARN_UNGUARDED_AVAILABILITY = YES_AGGRESSIVE;
				CLANG_WARN_UNREACHABLE_CODE = YES;
				CLANG_WARN__DUPLICATE_METHOD_MATCH = YES;
				COPY_PHASE_STRIP = NO;
				DEBUG_INFORMATION_FORMAT = dwarf;
				ENABLE_STRICT_OBJC_MSGSEND = YES;
				ENABLE_TESTABILITY = YES;
				GCC_C_LANGUAGE_STANDARD = gnu11;
				GCC_DYNAMIC_NO_PIC = NO;
				GCC_NO_COMMON_BLOCKS = YES;
				GCC_OPTIMIZATION_LEVEL = 0;
				GCC_PREPROCESSOR_DEFINITIONS = (
					"DEBUG=1",
					"$(inherited)",
				);
				GCC_WARN_64_TO_32_BIT_CONVERSION = YES;
				GCC_WARN_ABOUT_RETURN_TYPE = YES_ERROR;
				GCC_WARN_UNDECLARED_SELECTOR = YES;
				GCC_WARN_UNINITIALIZED_AUTOS = YES_AGGRESSIVE;
				GCC_WARN_UNUSED_FUNCTION = YES;
				GCC_WARN_UNUSED_VARIABLE = YES;
				IPHONEOS_DEPLOYMENT_TARGET = 15.5;
				MTL_ENABLE_DEBUG_INFO = INCLUDE_SOURCE;
				MTL_FAST_MATH = YES;
				ONLY_ACTIVE_ARCH = YES;
				SDKROOT = iphoneos;
				SWIFT_ACTIVE_COMPILATION_CONDITIONS = DEBUG;
				SWIFT_OPTIMIZATION_LEVEL = "-Onone";
			};
			name = Debug;
		};
		33AFEF4B28C2C9DE00DC6E71 /* Release */ = {
			isa = XCBuildConfiguration;
			buildSettings = {
				ALWAYS_SEARCH_USER_PATHS = NO;
				CLANG_ANALYZER_NONNULL = YES;
				CLANG_ANALYZER_NUMBER_OBJECT_CONVERSION = YES_AGGRESSIVE;
				CLANG_CXX_LANGUAGE_STANDARD = "gnu++17";
				CLANG_ENABLE_MODULES = YES;
				CLANG_ENABLE_OBJC_ARC = YES;
				CLANG_ENABLE_OBJC_WEAK = YES;
				CLANG_WARN_BLOCK_CAPTURE_AUTORELEASING = YES;
				CLANG_WARN_BOOL_CONVERSION = YES;
				CLANG_WARN_COMMA = YES;
				CLANG_WARN_CONSTANT_CONVERSION = YES;
				CLANG_WARN_DEPRECATED_OBJC_IMPLEMENTATIONS = YES;
				CLANG_WARN_DIRECT_OBJC_ISA_USAGE = YES_ERROR;
				CLANG_WARN_DOCUMENTATION_COMMENTS = YES;
				CLANG_WARN_EMPTY_BODY = YES;
				CLANG_WARN_ENUM_CONVERSION = YES;
				CLANG_WARN_INFINITE_RECURSION = YES;
				CLANG_WARN_INT_CONVERSION = YES;
				CLANG_WARN_NON_LITERAL_NULL_CONVERSION = YES;
				CLANG_WARN_OBJC_IMPLICIT_RETAIN_SELF = YES;
				CLANG_WARN_OBJC_LITERAL_CONVERSION = YES;
				CLANG_WARN_OBJC_ROOT_CLASS = YES_ERROR;
				CLANG_WARN_QUOTED_INCLUDE_IN_FRAMEWORK_HEADER = YES;
				CLANG_WARN_RANGE_LOOP_ANALYSIS = YES;
				CLANG_WARN_STRICT_PROTOTYPES = YES;
				CLANG_WARN_SUSPICIOUS_MOVE = YES;
				CLANG_WARN_UNGUARDED_AVAILABILITY = YES_AGGRESSIVE;
				CLANG_WARN_UNREACHABLE_CODE = YES;
				CLANG_WARN__DUPLICATE_METHOD_MATCH = YES;
				COPY_PHASE_STRIP = NO;
				DEBUG_INFORMATION_FORMAT = "dwarf-with-dsym";
				ENABLE_NS_ASSERTIONS = NO;
				ENABLE_STRICT_OBJC_MSGSEND = YES;
				GCC_C_LANGUAGE_STANDARD = gnu11;
				GCC_NO_COMMON_BLOCKS = YES;
				GCC_WARN_64_TO_32_BIT_CONVERSION = YES;
				GCC_WARN_ABOUT_RETURN_TYPE = YES_ERROR;
				GCC_WARN_UNDECLARED_SELECTOR = YES;
				GCC_WARN_UNINITIALIZED_AUTOS = YES_AGGRESSIVE;
				GCC_WARN_UNUSED_FUNCTION = YES;
				GCC_WARN_UNUSED_VARIABLE = YES;
				IPHONEOS_DEPLOYMENT_TARGET = 15.5;
				MTL_ENABLE_DEBUG_INFO = NO;
				MTL_FAST_MATH = YES;
				SDKROOT = iphoneos;
				SWIFT_COMPILATION_MODE = wholemodule;
				SWIFT_OPTIMIZATION_LEVEL = "-O";
				VALIDATE_PRODUCT = YES;
			};
			name = Release;
		};
		33AFEF4D28C2C9DE00DC6E71 /* Debug */ = {
			isa = XCBuildConfiguration;
			buildSettings = {
				ASSETCATALOG_COMPILER_APPICON_NAME = AppIcon;
				ASSETCATALOG_COMPILER_GLOBAL_ACCENT_COLOR_NAME = AccentColor;
				CODE_SIGN_STYLE = Automatic;
				CURRENT_PROJECT_VERSION = 1;
				DEVELOPMENT_ASSET_PATHS = "\"TwitterCloneFirebase/Preview Content\"";
				DEVELOPMENT_TEAM = JPCNRRX5YA;
				ENABLE_PREVIEWS = YES;
				GENERATE_INFOPLIST_FILE = YES;
				INFOPLIST_KEY_UIApplicationSceneManifest_Generation = YES;
				INFOPLIST_KEY_UIApplicationSupportsIndirectInputEvents = YES;
				INFOPLIST_KEY_UILaunchScreen_Generation = YES;
				INFOPLIST_KEY_UISupportedInterfaceOrientations_iPad = "UIInterfaceOrientationPortrait UIInterfaceOrientationPortraitUpsideDown UIInterfaceOrientationLandscapeLeft UIInterfaceOrientationLandscapeRight";
				INFOPLIST_KEY_UISupportedInterfaceOrientations_iPhone = "UIInterfaceOrientationPortrait UIInterfaceOrientationLandscapeLeft UIInterfaceOrientationLandscapeRight";
				LD_RUNPATH_SEARCH_PATHS = (
					"$(inherited)",
					"@executable_path/Frameworks",
				);
				MARKETING_VERSION = 1.0;
				PRODUCT_BUNDLE_IDENTIFIER = com.yusuf.TwitterCloneFirebase;
				PRODUCT_NAME = "$(TARGET_NAME)";
				SWIFT_EMIT_LOC_STRINGS = YES;
				SWIFT_VERSION = 5.0;
				TARGETED_DEVICE_FAMILY = "1,2";
			};
			name = Debug;
		};
		33AFEF4E28C2C9DE00DC6E71 /* Release */ = {
			isa = XCBuildConfiguration;
			buildSettings = {
				ASSETCATALOG_COMPILER_APPICON_NAME = AppIcon;
				ASSETCATALOG_COMPILER_GLOBAL_ACCENT_COLOR_NAME = AccentColor;
				CODE_SIGN_STYLE = Automatic;
				CURRENT_PROJECT_VERSION = 1;
				DEVELOPMENT_ASSET_PATHS = "\"TwitterCloneFirebase/Preview Content\"";
				DEVELOPMENT_TEAM = JPCNRRX5YA;
				ENABLE_PREVIEWS = YES;
				GENERATE_INFOPLIST_FILE = YES;
				INFOPLIST_KEY_UIApplicationSceneManifest_Generation = YES;
				INFOPLIST_KEY_UIApplicationSupportsIndirectInputEvents = YES;
				INFOPLIST_KEY_UILaunchScreen_Generation = YES;
				INFOPLIST_KEY_UISupportedInterfaceOrientations_iPad = "UIInterfaceOrientationPortrait UIInterfaceOrientationPortraitUpsideDown UIInterfaceOrientationLandscapeLeft UIInterfaceOrientationLandscapeRight";
				INFOPLIST_KEY_UISupportedInterfaceOrientations_iPhone = "UIInterfaceOrientationPortrait UIInterfaceOrientationLandscapeLeft UIInterfaceOrientationLandscapeRight";
				LD_RUNPATH_SEARCH_PATHS = (
					"$(inherited)",
					"@executable_path/Frameworks",
				);
				MARKETING_VERSION = 1.0;
				PRODUCT_BUNDLE_IDENTIFIER = com.yusuf.TwitterCloneFirebase;
				PRODUCT_NAME = "$(TARGET_NAME)";
				SWIFT_EMIT_LOC_STRINGS = YES;
				SWIFT_VERSION = 5.0;
				TARGETED_DEVICE_FAMILY = "1,2";
			};
			name = Release;
		};
/* End XCBuildConfiguration section */

/* Begin XCConfigurationList section */
		33AFEF3928C2C9DC00DC6E71 /* Build configuration list for PBXProject "TwitterCloneFirebase" */ = {
			isa = XCConfigurationList;
			buildConfigurations = (
				33AFEF4A28C2C9DE00DC6E71 /* Debug */,
				33AFEF4B28C2C9DE00DC6E71 /* Release */,
			);
			defaultConfigurationIsVisible = 0;
			defaultConfigurationName = Release;
		};
		33AFEF4C28C2C9DE00DC6E71 /* Build configuration list for PBXNativeTarget "TwitterCloneFirebase" */ = {
			isa = XCConfigurationList;
			buildConfigurations = (
				33AFEF4D28C2C9DE00DC6E71 /* Debug */,
				33AFEF4E28C2C9DE00DC6E71 /* Release */,
			);
			defaultConfigurationIsVisible = 0;
			defaultConfigurationName = Release;
		};
/* End XCConfigurationList section */
	};
	rootObject = 33AFEF3628C2C9DC00DC6E71 /* Project object */;
}
